
Microsoft Visual Studio Solution File, Format Version 12.00
# Visual Studio 15
VisualStudioVersion = 15.0.26730.16
MinimumVisualStudioVersion = 10.0.40219.1
Project("{FAE04EC0-301F-11D3-BF4B-00C04F79EFBC}") = "Mandater", "Mandater\Mandater.csproj", "{FBF01846-B472-44E3-9453-0F76C4F3FB0C}"
EndProject
Global
	GlobalSection(SolutionConfigurationPlatforms) = preSolution
		Debug|Any CPU = Debug|Any CPU
		Release|Any CPU = Release|Any CPU
	EndGlobalSection
	GlobalSection(ProjectConfigurationPlatforms) = postSolution
		{FBF01846-B472-44E3-9453-0F76C4F3FB0C}.Debug|Any CPU.ActiveCfg = Debug|Any CPU
		{FBF01846-B472-44E3-9453-0F76C4F3FB0C}.Debug|Any CPU.Build.0 = Debug|Any CPU
		{FBF01846-B472-44E3-9453-0F76C4F3FB0C}.Release|Any CPU.ActiveCfg = Release|Any CPU
		{FBF01846-B472-44E3-9453-0F76C4F3FB0C}.Release|Any CPU.Build.0 = Release|Any CPU
	EndGlobalSection
	GlobalSection(SolutionProperties) = preSolution
		HideSolutionNode = FALSE
	EndGlobalSection
	GlobalSection(ExtensibilityGlobals) = postSolution
		SolutionGuid = {29AB3A45-069A-45D7-AC74-D12988D050DE}
	EndGlobalSection
EndGlobal
